
Microsoft Visual Studio Solution File, Format Version 12.00
# Visual Studio 2013
VisualStudioVersion = 12.0.31101.0
MinimumVisualStudioVersion = 10.0.40219.1
Project("{FAE04EC0-301F-11D3-BF4B-00C04F79EFBC}") = "TestR", "TestR\TestR.csproj", "{DEC269ED-D43E-4D3A-BA25-238A9DD7CF04}"
EndProject
Project("{FAE04EC0-301F-11D3-BF4B-00C04F79EFBC}") = "TestR.PowerShell", "TestR.PowerShell\TestR.PowerShell.csproj", "{0896D938-1426-4D1A-8C06-649650404693}"
EndProject
Project("{2150E333-8FDC-42A3-9474-1A3956D46DE8}") = ".nuget", ".nuget", "{9FE304F9-FB22-4E93-923D-6B2354FC881B}"
	ProjectSection(SolutionItems) = preProject
		.nuget\NuGet.targets = .nuget\NuGet.targets
	EndProjectSection
EndProject
Project("{2150E333-8FDC-42A3-9474-1A3956D46DE8}") = "Solution Items", "Solution Items", "{C956CD57-39AE-42CE-8E8F-4C596FB4AE27}"
	ProjectSection(SolutionItems) = preProject
		.gitattributes = .gitattributes
		.gitignore = .gitignore
		TestR.nuspec = TestR.nuspec
		TestR.PowerShell.nuspec = TestR.PowerShell.nuspec
	EndProjectSection
EndProject
Project("{2150E333-8FDC-42A3-9474-1A3956D46DE8}") = "Documentation", "Documentation", "{ABD2A310-C5DA-43DA-AFCB-D8FCD09DFD9F}"
	ProjectSection(SolutionItems) = preProject
		LICENSE = LICENSE
		README.md = README.md
	EndProjectSection
EndProject
Project("{2150E333-8FDC-42A3-9474-1A3956D46DE8}") = "Scripts", "Scripts", "{FEA4C21E-5B45-4472-B42F-D8277A6E5D4A}"
	ProjectSection(SolutionItems) = preProject
		Build.ps1 = Build.ps1
		IncrementVersion.ps1 = IncrementVersion.ps1
		ResetAssemblyInfos.ps1 = ResetAssemblyInfos.ps1
		Test.ps1 = Test.ps1
	EndProjectSection
EndProject
Project("{FAE04EC0-301F-11D3-BF4B-00C04F79EFBC}") = "TestR.TestSite", "TestR.TestSite\TestR.TestSite.csproj", "{689336E4-7AD5-4FDF-9637-2E3CE835B75E}"
EndProject
Project("{FAE04EC0-301F-11D3-BF4B-00C04F79EFBC}") = "TestR.Sandbox", "TestR.Sandbox\TestR.Sandbox.csproj", "{C2000298-61E2-42CC-80B8-9D82F236AEF1}"
EndProject
Project("{FAE04EC0-301F-11D3-BF4B-00C04F79EFBC}") = "TestR.TestWinForms", "TestR.TestWinForms\TestR.TestWinForms.csproj", "{E43D1F20-EDFA-43DA-9E72-0685082DF62B}"
EndProject
Project("{FAE04EC0-301F-11D3-BF4B-00C04F79EFBC}") = "TestR.IntegrationTests", "TestR.IntegrationTests\TestR.IntegrationTests.csproj", "{DB2FA894-81F7-48A8-89DB-3902C372FE6B}"
	ProjectSection(ProjectDependencies) = postProject
		{E43D1F20-EDFA-43DA-9E72-0685082DF62B} = {E43D1F20-EDFA-43DA-9E72-0685082DF62B}
	EndProjectSection
EndProject
Global
	GlobalSection(SolutionConfigurationPlatforms) = preSolution
		Debug|Any CPU = Debug|Any CPU
		Release|Any CPU = Release|Any CPU
	EndGlobalSection
	GlobalSection(ProjectConfigurationPlatforms) = postSolution
		{DEC269ED-D43E-4D3A-BA25-238A9DD7CF04}.Debug|Any CPU.ActiveCfg = Debug|Any CPU
		{DEC269ED-D43E-4D3A-BA25-238A9DD7CF04}.Debug|Any CPU.Build.0 = Debug|Any CPU
		{DEC269ED-D43E-4D3A-BA25-238A9DD7CF04}.Release|Any CPU.ActiveCfg = Release|Any CPU
		{DEC269ED-D43E-4D3A-BA25-238A9DD7CF04}.Release|Any CPU.Build.0 = Release|Any CPU
		{0896D938-1426-4D1A-8C06-649650404693}.Debug|Any CPU.ActiveCfg = Debug|Any CPU
		{0896D938-1426-4D1A-8C06-649650404693}.Debug|Any CPU.Build.0 = Debug|Any CPU
		{0896D938-1426-4D1A-8C06-649650404693}.Release|Any CPU.ActiveCfg = Release|Any CPU
		{0896D938-1426-4D1A-8C06-649650404693}.Release|Any CPU.Build.0 = Release|Any CPU
		{689336E4-7AD5-4FDF-9637-2E3CE835B75E}.Debug|Any CPU.ActiveCfg = Debug|Any CPU
		{689336E4-7AD5-4FDF-9637-2E3CE835B75E}.Debug|Any CPU.Build.0 = Debug|Any CPU
		{689336E4-7AD5-4FDF-9637-2E3CE835B75E}.Release|Any CPU.ActiveCfg = Release|Any CPU
		{689336E4-7AD5-4FDF-9637-2E3CE835B75E}.Release|Any CPU.Build.0 = Release|Any CPU
		{C2000298-61E2-42CC-80B8-9D82F236AEF1}.Debug|Any CPU.ActiveCfg = Debug|Any CPU
		{C2000298-61E2-42CC-80B8-9D82F236AEF1}.Debug|Any CPU.Build.0 = Debug|Any CPU
		{C2000298-61E2-42CC-80B8-9D82F236AEF1}.Release|Any CPU.ActiveCfg = Release|Any CPU
		{C2000298-61E2-42CC-80B8-9D82F236AEF1}.Release|Any CPU.Build.0 = Release|Any CPU
		{E43D1F20-EDFA-43DA-9E72-0685082DF62B}.Debug|Any CPU.ActiveCfg = Debug|Any CPU
		{E43D1F20-EDFA-43DA-9E72-0685082DF62B}.Debug|Any CPU.Build.0 = Debug|Any CPU
		{E43D1F20-EDFA-43DA-9E72-0685082DF62B}.Release|Any CPU.ActiveCfg = Release|Any CPU
		{E43D1F20-EDFA-43DA-9E72-0685082DF62B}.Release|Any CPU.Build.0 = Release|Any CPU
		{DB2FA894-81F7-48A8-89DB-3902C372FE6B}.Debug|Any CPU.ActiveCfg = Debug|Any CPU
		{DB2FA894-81F7-48A8-89DB-3902C372FE6B}.Debug|Any CPU.Build.0 = Debug|Any CPU
		{DB2FA894-81F7-48A8-89DB-3902C372FE6B}.Release|Any CPU.ActiveCfg = Release|Any CPU
		{DB2FA894-81F7-48A8-89DB-3902C372FE6B}.Release|Any CPU.Build.0 = Release|Any CPU
	EndGlobalSection
	GlobalSection(SolutionProperties) = preSolution
		HideSolutionNode = FALSE
	EndGlobalSection
EndGlobal
