
Microsoft Visual Studio Solution File, Format Version 12.00
# Visual Studio Version 16
VisualStudioVersion = 16.0.29806.167
MinimumVisualStudioVersion = 10.0.40219.1
Project("{9A19103F-16F7-4668-BE54-9A1E7A4F7556}") = "TestR", "TestR\TestR.csproj", "{5C555BDD-598D-4D30-ACDD-1C8BAA6A2687}"
EndProject
Project("{2150E333-8FDC-42A3-9474-1A3956D46DE8}") = "Solution Items", "Solution Items", "{43288A04-69F0-4327-BF54-4F94EF498F4D}"
	ProjectSection(SolutionItems) = preProject
		LICENSE.md = LICENSE.md
		README.md = README.md
	EndProjectSection
EndProject
Project("{9A19103F-16F7-4668-BE54-9A1E7A4F7556}") = "TestR.Tests", "TestR.Tests\TestR.Tests.csproj", "{41A0BE2F-8097-41EE-A0CF-5DE1B91EEF36}"
EndProject
Project("{FAE04EC0-301F-11D3-BF4B-00C04F79EFBC}") = "TestR.TestWinForms", "TestR.TestWinForms\TestR.TestWinForms.csproj", "{E43D1F20-EDFA-43DA-9E72-0685082DF62B}"
EndProject
Project("{9A19103F-16F7-4668-BE54-9A1E7A4F7556}") = "TestR.TestWebsite", "TestR.TestWebsite\TestR.TestWebsite.csproj", "{9EA9AC87-BE6A-4914-9118-C971EEA27665}"
EndProject
Global
	GlobalSection(SolutionConfigurationPlatforms) = preSolution
		Debug|Any CPU = Debug|Any CPU
		Release|Any CPU = Release|Any CPU
	EndGlobalSection
	GlobalSection(ProjectConfigurationPlatforms) = postSolution
		{5C555BDD-598D-4D30-ACDD-1C8BAA6A2687}.Debug|Any CPU.ActiveCfg = Debug|Any CPU
		{5C555BDD-598D-4D30-ACDD-1C8BAA6A2687}.Debug|Any CPU.Build.0 = Debug|Any CPU
		{5C555BDD-598D-4D30-ACDD-1C8BAA6A2687}.Release|Any CPU.ActiveCfg = Release|Any CPU
		{5C555BDD-598D-4D30-ACDD-1C8BAA6A2687}.Release|Any CPU.Build.0 = Release|Any CPU
		{41A0BE2F-8097-41EE-A0CF-5DE1B91EEF36}.Debug|Any CPU.ActiveCfg = Debug|Any CPU
		{41A0BE2F-8097-41EE-A0CF-5DE1B91EEF36}.Debug|Any CPU.Build.0 = Debug|Any CPU
		{41A0BE2F-8097-41EE-A0CF-5DE1B91EEF36}.Release|Any CPU.ActiveCfg = Release|Any CPU
		{41A0BE2F-8097-41EE-A0CF-5DE1B91EEF36}.Release|Any CPU.Build.0 = Release|Any CPU
		{E43D1F20-EDFA-43DA-9E72-0685082DF62B}.Debug|Any CPU.ActiveCfg = Debug|Any CPU
		{E43D1F20-EDFA-43DA-9E72-0685082DF62B}.Debug|Any CPU.Build.0 = Debug|Any CPU
		{E43D1F20-EDFA-43DA-9E72-0685082DF62B}.Release|Any CPU.ActiveCfg = Release|Any CPU
		{E43D1F20-EDFA-43DA-9E72-0685082DF62B}.Release|Any CPU.Build.0 = Release|Any CPU
		{9EA9AC87-BE6A-4914-9118-C971EEA27665}.Debug|Any CPU.ActiveCfg = Debug|Any CPU
		{9EA9AC87-BE6A-4914-9118-C971EEA27665}.Debug|Any CPU.Build.0 = Debug|Any CPU
		{9EA9AC87-BE6A-4914-9118-C971EEA27665}.Release|Any CPU.ActiveCfg = Release|Any CPU
		{9EA9AC87-BE6A-4914-9118-C971EEA27665}.Release|Any CPU.Build.0 = Release|Any CPU
	EndGlobalSection
	GlobalSection(SolutionProperties) = preSolution
		HideSolutionNode = FALSE
	EndGlobalSection
	GlobalSection(ExtensibilityGlobals) = postSolution
		SolutionGuid = {6A0CF6EF-F690-4507-ACD0-2AAF3B99B0CC}
	EndGlobalSection
EndGlobal
